
Microsoft Visual Studio Solution File, Format Version 12.00
# Visual Studio Version 17
VisualStudioVersion = 17.0.31611.283
MinimumVisualStudioVersion = 10.0.40219.1
Project("{9A19103F-16F7-4668-BE54-9A1E7A4F7556}") = "MobileDeliveryApp", "MobileDeliveryApp\MobileDeliveryApp.csproj", "{CADF536E-2A1F-4A1A-9104-01F984F95EEA}"
EndProject
Project("{FAE04EC0-301F-11D3-BF4B-00C04F79EFBC}") = "MobileDeliveryApp.DataAccess", "MobileDeliveryApp.DataAccess\MobileDeliveryApp.DataAccess.csproj", "{C44FEB91-9B1C-4BE9-B745-B13AF5F5441D}"
EndProject
Global
	GlobalSection(SolutionConfigurationPlatforms) = preSolution
		Debug|Any CPU = Debug|Any CPU
		Release|Any CPU = Release|Any CPU
	EndGlobalSection
	GlobalSection(ProjectConfigurationPlatforms) = postSolution
		{CADF536E-2A1F-4A1A-9104-01F984F95EEA}.Debug|Any CPU.ActiveCfg = Debug|Any CPU
		{CADF536E-2A1F-4A1A-9104-01F984F95EEA}.Debug|Any CPU.Build.0 = Debug|Any CPU
		{CADF536E-2A1F-4A1A-9104-01F984F95EEA}.Debug|Any CPU.Deploy.0 = Debug|Any CPU
		{CADF536E-2A1F-4A1A-9104-01F984F95EEA}.Release|Any CPU.ActiveCfg = Release|Any CPU
		{CADF536E-2A1F-4A1A-9104-01F984F95EEA}.Release|Any CPU.Build.0 = Release|Any CPU
		{CADF536E-2A1F-4A1A-9104-01F984F95EEA}.Release|Any CPU.Deploy.0 = Release|Any CPU
		{C44FEB91-9B1C-4BE9-B745-B13AF5F5441D}.Debug|Any CPU.ActiveCfg = Debug|Any CPU
		{C44FEB91-9B1C-4BE9-B745-B13AF5F5441D}.Debug|Any CPU.Build.0 = Debug|Any CPU
		{C44FEB91-9B1C-4BE9-B745-B13AF5F5441D}.Release|Any CPU.ActiveCfg = Release|Any CPU
		{C44FEB91-9B1C-4BE9-B745-B13AF5F5441D}.Release|Any CPU.Build.0 = Release|Any CPU
	EndGlobalSection
	GlobalSection(SolutionProperties) = preSolution
		HideSolutionNode = FALSE
	EndGlobalSection
	GlobalSection(ExtensibilityGlobals) = postSolution
		SolutionGuid = {61F7FB11-1E47-470C-91E2-47F8143E1572}
	EndGlobalSection
EndGlobal
